
Microsoft Visual Studio Solution File, Format Version 12.00
# Visual Studio Version 17
VisualStudioVersion = 17.1.32228.430
MinimumVisualStudioVersion = 10.0.40219.1
Project("{9A19103F-16F7-4668-BE54-9A1E7A4F7556}") = "Obligatorio", "Obligatorio.csproj", "{BA5DE0D7-7540-4C01-89FF-21E0DC47885B}"
EndProject
Project("{9A19103F-16F7-4668-BE54-9A1E7A4F7556}") = "Cliente", "..\Cliente\Cliente.csproj", "{965270A0-2F55-44D6-88D4-56324A267E0D}"
EndProject
Project("{9A19103F-16F7-4668-BE54-9A1E7A4F7556}") = "Servidor", "..\Servidor\Servidor.csproj", "{A474C526-8827-4776-84F8-E38A8586EBA3}"
EndProject
Project("{2150E333-8FDC-42A3-9474-1A3956D46DE8}") = "Solution Items", "Solution Items", "{CD04A49C-4F93-4FA5-981F-6DCEF40C5C0B}"
EndProject
Project("{FAE04EC0-301F-11D3-BF4B-00C04F79EFBC}") = "Logica", "..\Logica\Logica.csproj", "{6D51BE3D-456D-4576-AB84-04263BA96B0F}"
EndProject
Project("{FAE04EC0-301F-11D3-BF4B-00C04F79EFBC}") = "ProyectoCompartido", "..\ProyectoCompartido\ProyectoCompartido.csproj", "{C0F5B34F-7E81-4886-9BDB-EE38A87C6D9D}"
EndProject
Global
	GlobalSection(SolutionConfigurationPlatforms) = preSolution
		Debug|Any CPU = Debug|Any CPU
		Release|Any CPU = Release|Any CPU
	EndGlobalSection
	GlobalSection(ProjectConfigurationPlatforms) = postSolution
		{BA5DE0D7-7540-4C01-89FF-21E0DC47885B}.Debug|Any CPU.ActiveCfg = Debug|Any CPU
		{BA5DE0D7-7540-4C01-89FF-21E0DC47885B}.Debug|Any CPU.Build.0 = Debug|Any CPU
		{BA5DE0D7-7540-4C01-89FF-21E0DC47885B}.Release|Any CPU.ActiveCfg = Release|Any CPU
		{BA5DE0D7-7540-4C01-89FF-21E0DC47885B}.Release|Any CPU.Build.0 = Release|Any CPU
		{965270A0-2F55-44D6-88D4-56324A267E0D}.Debug|Any CPU.ActiveCfg = Debug|Any CPU
		{965270A0-2F55-44D6-88D4-56324A267E0D}.Debug|Any CPU.Build.0 = Debug|Any CPU
		{965270A0-2F55-44D6-88D4-56324A267E0D}.Release|Any CPU.ActiveCfg = Release|Any CPU
		{965270A0-2F55-44D6-88D4-56324A267E0D}.Release|Any CPU.Build.0 = Release|Any CPU
		{A474C526-8827-4776-84F8-E38A8586EBA3}.Debug|Any CPU.ActiveCfg = Debug|Any CPU
		{A474C526-8827-4776-84F8-E38A8586EBA3}.Debug|Any CPU.Build.0 = Debug|Any CPU
		{A474C526-8827-4776-84F8-E38A8586EBA3}.Release|Any CPU.ActiveCfg = Release|Any CPU
		{A474C526-8827-4776-84F8-E38A8586EBA3}.Release|Any CPU.Build.0 = Release|Any CPU
		{6D51BE3D-456D-4576-AB84-04263BA96B0F}.Debug|Any CPU.ActiveCfg = Debug|Any CPU
		{6D51BE3D-456D-4576-AB84-04263BA96B0F}.Debug|Any CPU.Build.0 = Debug|Any CPU
		{6D51BE3D-456D-4576-AB84-04263BA96B0F}.Release|Any CPU.ActiveCfg = Release|Any CPU
		{6D51BE3D-456D-4576-AB84-04263BA96B0F}.Release|Any CPU.Build.0 = Release|Any CPU
		{C0F5B34F-7E81-4886-9BDB-EE38A87C6D9D}.Debug|Any CPU.ActiveCfg = Debug|Any CPU
		{C0F5B34F-7E81-4886-9BDB-EE38A87C6D9D}.Debug|Any CPU.Build.0 = Debug|Any CPU
		{C0F5B34F-7E81-4886-9BDB-EE38A87C6D9D}.Release|Any CPU.ActiveCfg = Release|Any CPU
		{C0F5B34F-7E81-4886-9BDB-EE38A87C6D9D}.Release|Any CPU.Build.0 = Release|Any CPU
	EndGlobalSection
	GlobalSection(SolutionProperties) = preSolution
		HideSolutionNode = FALSE
	EndGlobalSection
	GlobalSection(ExtensibilityGlobals) = postSolution
		SolutionGuid = {15338BD2-078F-41C3-A241-3ED2FA89B10C}
	EndGlobalSection
EndGlobal
