
Microsoft Visual Studio Solution File, Format Version 12.00
# Visual Studio Version 17
VisualStudioVersion = 17.1.32228.430
MinimumVisualStudioVersion = 10.0.40219.1
Project("{9A19103F-16F7-4668-BE54-9A1E7A4F7556}") = "Obligatorio", "Obligatorio.csproj", "{BA5DE0D7-7540-4C01-89FF-21E0DC47885B}"
EndProject
Project("{9A19103F-16F7-4668-BE54-9A1E7A4F7556}") = "Cliente", "..\Cliente\Cliente.csproj", "{965270A0-2F55-44D6-88D4-56324A267E0D}"
EndProject
Project("{9A19103F-16F7-4668-BE54-9A1E7A4F7556}") = "Servidor", "..\Servidor\Servidor.csproj", "{A474C526-8827-4776-84F8-E38A8586EBA3}"
EndProject
Project("{9A19103F-16F7-4668-BE54-9A1E7A4F7556}") = "Logica", "..\Logica\Logica.csproj", "{6D51BE3D-456D-4576-AB84-04263BA96B0F}"
EndProject
Project("{9A19103F-16F7-4668-BE54-9A1E7A4F7556}") = "ProyectoCompartido", "..\ProyectoCompartido\ProyectoCompartido.csproj", "{C0F5B34F-7E81-4886-9BDB-EE38A87C6D9D}"
EndProject
Project("{9A19103F-16F7-4668-BE54-9A1E7A4F7556}") = "LogSender", "..\LogSender\LogSender.csproj", "{6BAB14B9-DEA7-43EB-AA48-AB45238B5150}"
EndProject
Project("{9A19103F-16F7-4668-BE54-9A1E7A4F7556}") = "LogServer", "..\LogServer\LogServer.csproj", "{F45950E2-147E-4DEC-B7BC-2690BCFEF901}"
EndProject
Project("{9A19103F-16F7-4668-BE54-9A1E7A4F7556}") = "ServerAdmin", "..\ServerAdmin\ServerAdmin.csproj", "{DF5172BA-D83A-45D4-A326-A635D62438B7}"
EndProject
Project("{9A19103F-16F7-4668-BE54-9A1E7A4F7556}") = "ServerAdminLogicInterface", "..\ServerAdminLogicInterface\ServerAdminLogicInterface.csproj", "{CA1AACCA-055D-4909-A29C-A378F18045A9}"
EndProject
Project("{9A19103F-16F7-4668-BE54-9A1E7A4F7556}") = "ServerAdminLogic", "..\ServerAdminLogic\ServerAdminLogic.csproj", "{805CF0ED-3706-45B8-A0B0-FE555ADE14E9}"
EndProject
Global
	GlobalSection(SolutionConfigurationPlatforms) = preSolution
		Debug|Any CPU = Debug|Any CPU
		Release|Any CPU = Release|Any CPU
	EndGlobalSection
	GlobalSection(ProjectConfigurationPlatforms) = postSolution
		{BA5DE0D7-7540-4C01-89FF-21E0DC47885B}.Debug|Any CPU.ActiveCfg = Debug|Any CPU
		{BA5DE0D7-7540-4C01-89FF-21E0DC47885B}.Debug|Any CPU.Build.0 = Debug|Any CPU
		{BA5DE0D7-7540-4C01-89FF-21E0DC47885B}.Release|Any CPU.ActiveCfg = Release|Any CPU
		{BA5DE0D7-7540-4C01-89FF-21E0DC47885B}.Release|Any CPU.Build.0 = Release|Any CPU
		{965270A0-2F55-44D6-88D4-56324A267E0D}.Debug|Any CPU.ActiveCfg = Debug|Any CPU
		{965270A0-2F55-44D6-88D4-56324A267E0D}.Debug|Any CPU.Build.0 = Debug|Any CPU
		{965270A0-2F55-44D6-88D4-56324A267E0D}.Release|Any CPU.ActiveCfg = Release|Any CPU
		{965270A0-2F55-44D6-88D4-56324A267E0D}.Release|Any CPU.Build.0 = Release|Any CPU
		{A474C526-8827-4776-84F8-E38A8586EBA3}.Debug|Any CPU.ActiveCfg = Debug|Any CPU
		{A474C526-8827-4776-84F8-E38A8586EBA3}.Debug|Any CPU.Build.0 = Debug|Any CPU
		{A474C526-8827-4776-84F8-E38A8586EBA3}.Release|Any CPU.ActiveCfg = Release|Any CPU
		{A474C526-8827-4776-84F8-E38A8586EBA3}.Release|Any CPU.Build.0 = Release|Any CPU
		{6D51BE3D-456D-4576-AB84-04263BA96B0F}.Debug|Any CPU.ActiveCfg = Debug|Any CPU
		{6D51BE3D-456D-4576-AB84-04263BA96B0F}.Debug|Any CPU.Build.0 = Debug|Any CPU
		{6D51BE3D-456D-4576-AB84-04263BA96B0F}.Release|Any CPU.ActiveCfg = Release|Any CPU
		{6D51BE3D-456D-4576-AB84-04263BA96B0F}.Release|Any CPU.Build.0 = Release|Any CPU
		{C0F5B34F-7E81-4886-9BDB-EE38A87C6D9D}.Debug|Any CPU.ActiveCfg = Debug|Any CPU
		{C0F5B34F-7E81-4886-9BDB-EE38A87C6D9D}.Debug|Any CPU.Build.0 = Debug|Any CPU
		{C0F5B34F-7E81-4886-9BDB-EE38A87C6D9D}.Release|Any CPU.ActiveCfg = Release|Any CPU
		{C0F5B34F-7E81-4886-9BDB-EE38A87C6D9D}.Release|Any CPU.Build.0 = Release|Any CPU
		{6BAB14B9-DEA7-43EB-AA48-AB45238B5150}.Debug|Any CPU.ActiveCfg = Debug|Any CPU
		{6BAB14B9-DEA7-43EB-AA48-AB45238B5150}.Debug|Any CPU.Build.0 = Debug|Any CPU
		{6BAB14B9-DEA7-43EB-AA48-AB45238B5150}.Release|Any CPU.ActiveCfg = Release|Any CPU
		{6BAB14B9-DEA7-43EB-AA48-AB45238B5150}.Release|Any CPU.Build.0 = Release|Any CPU
		{F45950E2-147E-4DEC-B7BC-2690BCFEF901}.Debug|Any CPU.ActiveCfg = Debug|Any CPU
		{F45950E2-147E-4DEC-B7BC-2690BCFEF901}.Debug|Any CPU.Build.0 = Debug|Any CPU
		{F45950E2-147E-4DEC-B7BC-2690BCFEF901}.Release|Any CPU.ActiveCfg = Release|Any CPU
		{F45950E2-147E-4DEC-B7BC-2690BCFEF901}.Release|Any CPU.Build.0 = Release|Any CPU
		{DF5172BA-D83A-45D4-A326-A635D62438B7}.Debug|Any CPU.ActiveCfg = Debug|Any CPU
		{DF5172BA-D83A-45D4-A326-A635D62438B7}.Debug|Any CPU.Build.0 = Debug|Any CPU
		{DF5172BA-D83A-45D4-A326-A635D62438B7}.Release|Any CPU.ActiveCfg = Release|Any CPU
		{DF5172BA-D83A-45D4-A326-A635D62438B7}.Release|Any CPU.Build.0 = Release|Any CPU
		{CA1AACCA-055D-4909-A29C-A378F18045A9}.Debug|Any CPU.ActiveCfg = Debug|Any CPU
		{CA1AACCA-055D-4909-A29C-A378F18045A9}.Debug|Any CPU.Build.0 = Debug|Any CPU
		{CA1AACCA-055D-4909-A29C-A378F18045A9}.Release|Any CPU.ActiveCfg = Release|Any CPU
		{CA1AACCA-055D-4909-A29C-A378F18045A9}.Release|Any CPU.Build.0 = Release|Any CPU
		{805CF0ED-3706-45B8-A0B0-FE555ADE14E9}.Debug|Any CPU.ActiveCfg = Debug|Any CPU
		{805CF0ED-3706-45B8-A0B0-FE555ADE14E9}.Debug|Any CPU.Build.0 = Debug|Any CPU
		{805CF0ED-3706-45B8-A0B0-FE555ADE14E9}.Release|Any CPU.ActiveCfg = Release|Any CPU
		{805CF0ED-3706-45B8-A0B0-FE555ADE14E9}.Release|Any CPU.Build.0 = Release|Any CPU
	EndGlobalSection
	GlobalSection(SolutionProperties) = preSolution
		HideSolutionNode = FALSE
	EndGlobalSection
	GlobalSection(ExtensibilityGlobals) = postSolution
		SolutionGuid = {15338BD2-078F-41C3-A241-3ED2FA89B10C}
	EndGlobalSection
EndGlobal
